{
    "_readme": [
        "This file locks the dependencies of your project to a known state",
        "Read more about it at https://getcomposer.org/doc/01-basic-usage.md#composer-lock-the-lock-file",
        "This file is @generated automatically"
    ],
    "content-hash": "1341643af8882414dd41bfe18a2f5239",
    "packages": [
        {
            "name": "adityasetiono/php-functions",
            "version": "5.0.0",
            "source": {
                "type": "git",
                "url": "https://github.com/adityasetiono/php-functions.git",
                "reference": "37b7933920677ce58af9c3b0bbed09217a8dfe5b"
            },
            "dist": {
                "type": "zip",
                "url": "https://api.github.com/repos/adityasetiono/php-functions/zipball/37b7933920677ce58af9c3b0bbed09217a8dfe5b",
                "reference": "37b7933920677ce58af9c3b0bbed09217a8dfe5b",
                "shasum": ""
            },
            "require": {
                "php": "~7"
            },
            "require-dev": {
                "phpunit/phpunit": "^6.4"
            },
            "type": "library",
            "autoload": {
                "files": [
                    "src/__bootstrap.php"
                ]
            },
            "notification-url": "https://packagist.org/downloads/",
            "license": [
                "MIT"
            ],
            "authors": [
                {
                    "name": "Aditya Setiono",
                    "email": "winged.zach@gmail.com"
                }
            ],
            "description": "Function helpers for PHP",
            "time": "2018-03-12T23:55:36+00:00"
        }
    ],
    "packages-dev": [],
    "aliases": [],
    "minimum-stability": "stable",
    "stability-flags": [],
    "prefer-stable": false,
    "prefer-lowest": false,
    "platform": {
        "php": "~7"
    },
    "platform-dev": []
}
