{
    "_readme": [
        "This file locks the dependencies of your project to a known state",
        "Read more about it at https://getcomposer.org/doc/01-basic-usage.md#composer-lock-the-lock-file",
        "This file is @generated automatically"
    ],
    "content-hash": "655209b1677fc0f6f26375c73635f28c",
    "packages": [
        {
            "name": "adityasetiono/php-functions",
            "version": "2.0.0",
            "source": {
                "type": "git",
                "url": "https://github.com/adityasetiono/php-functions.git",
                "reference": "c06e00abece15b42ea0ced010e01cd1528209c50"
            },
            "dist": {
                "type": "zip",
                "url": "https://api.github.com/repos/adityasetiono/php-functions/zipball/c06e00abece15b42ea0ced010e01cd1528209c50",
                "reference": "c06e00abece15b42ea0ced010e01cd1528209c50",
                "shasum": ""
            },
            "require": {
                "php": "~7"
            },
            "type": "library",
            "autoload": {
                "files": [
                    "src/__bootstrap.php"
                ]
            },
            "notification-url": "https://packagist.org/downloads/",
            "license": [
                "MIT"
            ],
            "authors": [
                {
                    "name": "Aditya Setiono",
                    "email": "winged.zach@gmail.com"
                }
            ],
            "description": "Function helpers for PHP",
            "time": "2017-10-04T00:49:45+00:00"
        }
    ],
    "packages-dev": [],
    "aliases": [],
    "minimum-stability": "stable",
    "stability-flags": [],
    "prefer-stable": false,
    "prefer-lowest": false,
    "platform": {
        "php": "~7"
    },
    "platform-dev": []
}
